
Microsoft Visual Studio Solution File, Format Version 12.00
# Visual Studio Version 17
VisualStudioVersion = 17.4.33205.214
MinimumVisualStudioVersion = 10.0.40219.1
Project("{FAE04EC0-301F-11D3-BF4B-00C04F79EFBC}") = "Крестики-нолики", "Крестики-нолики\Крестики-нолики.csproj", "{DDE0CCDC-9A80-466F-9880-ABE0DC09503E}"
EndProject
Global
	GlobalSection(SolutionConfigurationPlatforms) = preSolution
		Debug|Any CPU = Debug|Any CPU
		Release|Any CPU = Release|Any CPU
	EndGlobalSection
	GlobalSection(ProjectConfigurationPlatforms) = postSolution
		{DDE0CCDC-9A80-466F-9880-ABE0DC09503E}.Debug|Any CPU.ActiveCfg = Debug|Any CPU
		{DDE0CCDC-9A80-466F-9880-ABE0DC09503E}.Debug|Any CPU.Build.0 = Debug|Any CPU
		{DDE0CCDC-9A80-466F-9880-ABE0DC09503E}.Release|Any CPU.ActiveCfg = Release|Any CPU
		{DDE0CCDC-9A80-466F-9880-ABE0DC09503E}.Release|Any CPU.Build.0 = Release|Any CPU
	EndGlobalSection
	GlobalSection(SolutionProperties) = preSolution
		HideSolutionNode = FALSE
	EndGlobalSection
	GlobalSection(ExtensibilityGlobals) = postSolution
		SolutionGuid = {5919AF3D-7A8B-480D-A9AE-323DF0C702B4}
	EndGlobalSection
EndGlobal
